// !$*UTF8*$!
{
	archiveVersion = 1;
	classes = {
	};
	objectVersion = 46;
	objects = {

/* Begin PBXBuildFile section */
		EBCF3FC01E7A68E4004B2F87 /* main.m in Sources */ = {isa = PBXBuildFile; fileRef = EBCF3FBF1E7A68E4004B2F87 /* main.m */; };
		EBCF3FD81E7A6C78004B2F87 /* Student.m in Sources */ = {isa = PBXBuildFile; fileRef = EBCF3FD71E7A6C78004B2F87 /* Student.m */; };
/* End PBXBuildFile section */

/* Begin PBXCopyFilesBuildPhase section */
		EBCF3FBA1E7A68E4004B2F87 /* CopyFiles */ = {
			isa = PBXCopyFilesBuildPhase;
			buildActionMask = 2147483647;
			dstPath = /usr/share/man/man1/;
			dstSubfolderSpec = 0;
			files = (
			);
			runOnlyForDeploymentPostprocessing = 1;
		};
/* End PBXCopyFilesBuildPhase section */

/* Begin PBXFileReference section */
		EBCF3FBC1E7A68E4004B2F87 /* ClassDefination */ = {isa = PBXFileReference; explicitFileType = "compiled.mach-o.executable"; includeInIndex = 0; path = ClassDefination; sourceTree = BUILT_PRODUCTS_DIR; };
		EBCF3FBF1E7A68E4004B2F87 /* main.m */ = {isa = PBXFileReference; lastKnownFileType = sourcecode.c.objc; path = main.m; sourceTree = "<group>"; };
		EBCF3FD61E7A6C78004B2F87 /* Student.h */ = {isa = PBXFileReference; fileEncoding = 4; lastKnownFileType = sourcecode.c.h; path = Student.h; sourceTree = "<group>"; };
		EBCF3FD71E7A6C78004B2F87 /* Student.m */ = {isa = PBXFileReference; fileEncoding = 4; lastKnownFileType = sourcecode.c.objc; path = Student.m; sourceTree = "<group>"; };
/* End PBXFileReference section */

/* Begin PBXFrameworksBuildPhase section */
		EBCF3FB91E7A68E4004B2F87 /* Frameworks */ = {
			isa = PBXFrameworksBuildPhase;
			buildActionMask = 2147483647;
			files = (
			);
			runOnlyForDeploymentPostprocessing = 0;
		};
/* End PBXFrameworksBuildPhase section */

/* Begin PBXGroup section */
		EBCF3FB31E7A68E4004B2F87 = {
			isa = PBXGroup;
			children = (
				EBCF3FBE1E7A68E4004B2F87 /* ClassDefination */,
				EBCF3FBD1E7A68E4004B2F87 /* Products */,
			);
			sourceTree = "<group>";
		};
		EBCF3FBD1E7A68E4004B2F87 /* Products */ = {
			isa = PBXGroup;
			children = (
				EBCF3FBC1E7A68E4004B2F87 /* ClassDefination */,
			);
			name = Products;
			sourceTree = "<group>";
		};
		EBCF3FBE1E7A68E4004B2F87 /* ClassDefination */ = {
			isa = PBXGroup;
			children = (
				EBCF3FBF1E7A68E4004B2F87 /* main.m */,
				EBCF3FD61E7A6C78004B2F87 /* Student.h */,
				EBCF3FD71E7A6C78004B2F87 /* Student.m */,
			);
			path = ClassDefination;
			sourceTree = "<group>";
		};
/* End PBXGroup section */

/* Begin PBXNativeTarget section */
		EBCF3FBB1E7A68E4004B2F87 /* ClassDefination */ = {
			isa = PBXNativeTarget;
			buildConfigurationList = EBCF3FC31E7A68E4004B2F87 /* Build configuration list for PBXNativeTarget "ClassDefination" */;
			buildPhases = (
				EBCF3FB81E7A68E4004B2F87 /* Sources */,
				EBCF3FB91E7A68E4004B2F87 /* Frameworks */,
				EBCF3FBA1E7A68E4004B2F87 /* CopyFiles */,
			);
			buildRules = (
			);
			dependencies = (
			);
			name = ClassDefination;
			productName = ClassDefination;
			productReference = EBCF3FBC1E7A68E4004B2F87 /* ClassDefination */;
			productType = "com.apple.product-type.tool";
		};
/* End PBXNativeTarget section */

/* Begin PBXProject section */
		EBCF3FB41E7A68E4004B2F87 /* Project object */ = {
			isa = PBXProject;
			attributes = {
				LastUpgradeCheck = 0820;
				ORGANIZATIONNAME = Cuelogic;
				TargetAttributes = {
					EBCF3FBB1E7A68E4004B2F87 = {
						CreatedOnToolsVersion = 8.2.1;
						ProvisioningStyle = Automatic;
					};
				};
			};
			buildConfigurationList = EBCF3FB71E7A68E4004B2F87 /* Build configuration list for PBXProject "ClassDefination" */;
			compatibilityVersion = "Xcode 3.2";
			developmentRegion = English;
			hasScannedForEncodings = 0;
			knownRegions = (
				en,
			);
			mainGroup = EBCF3FB31E7A68E4004B2F87;
			productRefGroup = EBCF3FBD1E7A68E4004B2F87 /* Products */;
			projectDirPath = "";
			projectRoot = "";
			targets = (
				EBCF3FBB1E7A68E4004B2F87 /* ClassDefination */,
			);
		};
/* End PBXProject section */

/* Begin PBXSourcesBuildPhase section */
		EBCF3FB81E7A68E4004B2F87 /* Sources */ = {
			isa = PBXSourcesBuildPhase;
			buildActionMask = 2147483647;
			files = (
				EBCF3FC01E7A68E4004B2F87 /* main.m in Sources */,
				EBCF3FD81E7A6C78004B2F87 /* Student.m in Sources */,
			);
			runOnlyForDeploymentPostprocessing = 0;
		};
/* End PBXSourcesBuildPhase section */

/* Begin XCBuildConfiguration section */
		EBCF3FC11E7A68E4004B2F87 /* Debug */ = {
			isa = XCBuildConfiguration;
			buildSettings = {
				ALWAYS_SEARCH_USER_PATHS = NO;
				CLANG_ANALYZER_NONNULL = YES;
				CLANG_CXX_LANGUAGE_STANDARD = "gnu++0x";
				CLANG_CXX_LIBRARY = "libc++";
				CLANG_ENABLE_MODULES = YES;
				CLANG_ENABLE_OBJC_ARC = YES;
				CLANG_WARN_BOOL_CONVERSION = YES;
				CLANG_WARN_CONSTANT_CONVERSION = YES;
				CLANG_WARN_DIRECT_OBJC_ISA_USAGE = YES_ERROR;
				CLANG_WARN_DOCUMENTATION_COMMENTS = YES;
				CLANG_WARN_EMPTY_BODY = YES;
				CLANG_WARN_ENUM_CONVERSION = YES;
				CLANG_WARN_INFINITE_RECURSION = YES;
				CLANG_WARN_INT_CONVERSION = YES;
				CLANG_WARN_OBJC_ROOT_CLASS = YES_ERROR;
				CLANG_WARN_SUSPICIOUS_MOVE = YES;
				CLANG_WARN_UNREACHABLE_CODE = YES;
				CLANG_WARN__DUPLICATE_METHOD_MATCH = YES;
				CODE_SIGN_IDENTITY = "-";
				COPY_PHASE_STRIP = NO;
				DEBUG_INFORMATION_FORMAT = dwarf;
				ENABLE_STRICT_OBJC_MSGSEND = YES;
				ENABLE_TESTABILITY = YES;
				GCC_C_LANGUAGE_STANDARD = gnu99;
				GCC_DYNAMIC_NO_PIC = NO;
				GCC_NO_COMMON_BLOCKS = YES;
				GCC_OPTIMIZATION_LEVEL = 0;
				GCC_PREPROCESSOR_DEFINITIONS = (
					"DEBUG=1",
					"$(inherited)",
				);
				GCC_WARN_64_TO_32_BIT_CONVERSION = YES;
				GCC_WARN_ABOUT_RETURN_TYPE = YES_ERROR;
				GCC_WARN_UNDECLARED_SELECTOR = YES;
				GCC_WARN_UNINITIALIZED_AUTOS = YES_AGGRESSIVE;
				GCC_WARN_UNUSED_FUNCTION = YES;
				GCC_WARN_UNUSED_VARIABLE = YES;
				MACOSX_DEPLOYMENT_TARGET = 10.12;
				MTL_ENABLE_DEBUG_INFO = YES;
				ONLY_ACTIVE_ARCH = YES;
				SDKROOT = macosx;
			};
			name = Debug;
		};
		EBCF3FC21E7A68E4004B2F87 /* Release */ = {
			isa = XCBuildConfiguration;
			buildSettings = {
				ALWAYS_SEARCH_USER_PATHS = NO;
				CLANG_ANALYZER_NONNULL = YES;
				CLANG_CXX_LANGUAGE_STANDARD = "gnu++0x";
				CLANG_CXX_LIBRARY = "libc++";
				CLANG_ENABLE_MODULES = YES;
				CLANG_ENABLE_OBJC_ARC = YES;
				CLANG_WARN_BOOL_CONVERSION = YES;
				CLANG_WARN_CONSTANT_CONVERSION = YES;
				CLANG_WARN_DIRECT_OBJC_ISA_USAGE = YES_ERROR;
				CLANG_WARN_DOCUMENTATION_COMMENTS = YES;
				CLANG_WARN_EMPTY_BODY = YES;
				CLANG_WARN_ENUM_CONVERSION = YES;
				CLANG_WARN_INFINITE_RECURSION = YES;
				CLANG_WARN_INT_CONVERSION = YES;
				CLANG_WARN_OBJC_ROOT_CLASS = YES_ERROR;
				CLANG_WARN_SUSPICIOUS_MOVE = YES;
				CLANG_WARN_UNREACHABLE_CODE = YES;
				CLANG_WARN__DUPLICATE_METHOD_MATCH = YES;
				CODE_SIGN_IDENTITY = "-";
				COPY_PHASE_STRIP = NO;
				DEBUG_INFORMATION_FORMAT = "dwarf-with-dsym";
				ENABLE_NS_ASSERTIONS = NO;
				ENABLE_STRICT_OBJC_MSGSEND = YES;
				GCC_C_LANGUAGE_STANDARD = gnu99;
				GCC_NO_COMMON_BLOCKS = YES;
				GCC_WARN_64_TO_32_BIT_CONVERSION = YES;
				GCC_WARN_ABOUT_RETURN_TYPE = YES_ERROR;
				GCC_WARN_UNDECLARED_SELECTOR = YES;
				GCC_WARN_UNINITIALIZED_AUTOS = YES_AGGRESSIVE;
				GCC_WARN_UNUSED_FUNCTION = YES;
				GCC_WARN_UNUSED_VARIABLE = YES;
				MACOSX_DEPLOYMENT_TARGET = 10.12;
				MTL_ENABLE_DEBUG_INFO = NO;
				SDKROOT = macosx;
			};
			name = Release;
		};
		EBCF3FC41E7A68E4004B2F87 /* Debug */ = {
			isa = XCBuildConfiguration;
			buildSettings = {
				PRODUCT_NAME = "$(TARGET_NAME)";
			};
			name = Debug;
		};
		EBCF3FC51E7A68E4004B2F87 /* Release */ = {
			isa = XCBuildConfiguration;
			buildSettings = {
				PRODUCT_NAME = "$(TARGET_NAME)";
			};
			name = Release;
		};
/* End XCBuildConfiguration section */

/* Begin XCConfigurationList section */
		EBCF3FB71E7A68E4004B2F87 /* Build configuration list for PBXProject "ClassDefination" */ = {
			isa = XCConfigurationList;
			buildConfigurations = (
				EBCF3FC11E7A68E4004B2F87 /* Debug */,
				EBCF3FC21E7A68E4004B2F87 /* Release */,
			);
			defaultConfigurationIsVisible = 0;
			defaultConfigurationName = Release;
		};
		EBCF3FC31E7A68E4004B2F87 /* Build configuration list for PBXNativeTarget "ClassDefination" */ = {
			isa = XCConfigurationList;
			buildConfigurations = (
				EBCF3FC41E7A68E4004B2F87 /* Debug */,
				EBCF3FC51E7A68E4004B2F87 /* Release */,
			);
			defaultConfigurationIsVisible = 0;
			defaultConfigurationName = Release;
		};
/* End XCConfigurationList section */
	};
	rootObject = EBCF3FB41E7A68E4004B2F87 /* Project object */;
}
